github.com/dimascapella/go-module v1.0.0 h1:yVy29fyzSm9JpvDec4g9Oz1bPim+52jbxdvOKJOtA0g=
github.com/dimascapella/go-module v1.0.0/go.mod h1:wPNbU/v/zDWSp7e2UML98vaQpY8h5Rq8IJOh9Qt3Xbg=
github.com/dimascapella/go-module v1.1.0 h1:eU6MI6r/DgXiR0DXI52Uwo//B/aPkMUUhf85OayzYXM=
github.com/dimascapella/go-module v1.1.0/go.mod h1:wPNbU/v/zDWSp7e2UML98vaQpY8h5Rq8IJOh9Qt3Xbg=
github.com/dimascapella/go-module/v2 v2.0.0 h1:KOnuJ7n97pVTgQX2HqWe2eIzQ8OtiIZniLkzxdZ2HIE=
github.com/dimascapella/go-module/v2 v2.0.0/go.mod h1:iHowFRKndq/C67wTUU3row9WW7D+KTfYv72mi4POMDM=
